// !$*UTF8*$!
{
	archiveVersion = 1;
	classes = {
	};
	objectVersion = 50;
	objects = {

/* Begin PBXBuildFile section */
		080460B620C3A4CA0082B269 /* AppDelegate.swift in Sources */ = {isa = PBXBuildFile; fileRef = 080460B520C3A4CA0082B269 /* AppDelegate.swift */; };
		080460B820C3A4CA0082B269 /* ViewController.swift in Sources */ = {isa = PBXBuildFile; fileRef = 080460B720C3A4CA0082B269 /* ViewController.swift */; };
		080460BB20C3A4CA0082B269 /* Main.storyboard in Resources */ = {isa = PBXBuildFile; fileRef = 080460B920C3A4CA0082B269 /* Main.storyboard */; };
		080460BD20C3A4CF0082B269 /* Assets.xcassets in Resources */ = {isa = PBXBuildFile; fileRef = 080460BC20C3A4CF0082B269 /* Assets.xcassets */; };
		080460C020C3A4CF0082B269 /* LaunchScreen.storyboard in Resources */ = {isa = PBXBuildFile; fileRef = 080460BE20C3A4CF0082B269 /* LaunchScreen.storyboard */; };
		080460C820C3A71C0082B269 /* EnglishViewController.swift in Sources */ = {isa = PBXBuildFile; fileRef = 080460C720C3A71C0082B269 /* EnglishViewController.swift */; };
		080460CA20C3A9B90082B269 /* baseline_arrow_back_ios_black_48pt_1x.png in Resources */ = {isa = PBXBuildFile; fileRef = 080460C920C3A9B80082B269 /* baseline_arrow_back_ios_black_48pt_1x.png */; };
		080460CC20C3BDA50082B269 /* rawpixel-589085-unsplash.jpg in Resources */ = {isa = PBXBuildFile; fileRef = 080460CB20C3BDA50082B269 /* rawpixel-589085-unsplash.jpg */; };
/* End PBXBuildFile section */

/* Begin PBXFileReference section */
		080460B220C3A4CA0082B269 /* FunnyNumber.app */ = {isa = PBXFileReference; explicitFileType = wrapper.application; includeInIndex = 0; path = FunnyNumber.app; sourceTree = BUILT_PRODUCTS_DIR; };
		080460B520C3A4CA0082B269 /* AppDelegate.swift */ = {isa = PBXFileReference; lastKnownFileType = sourcecode.swift; path = AppDelegate.swift; sourceTree = "<group>"; };
		080460B720C3A4CA0082B269 /* ViewController.swift */ = {isa = PBXFileReference; lastKnownFileType = sourcecode.swift; path = ViewController.swift; sourceTree = "<group>"; };
		080460BA20C3A4CA0082B269 /* Base */ = {isa = PBXFileReference; lastKnownFileType = file.storyboard; name = Base; path = Base.lproj/Main.storyboard; sourceTree = "<group>"; };
		080460BC20C3A4CF0082B269 /* Assets.xcassets */ = {isa = PBXFileReference; lastKnownFileType = folder.assetcatalog; path = Assets.xcassets; sourceTree = "<group>"; };
		080460BF20C3A4CF0082B269 /* Base */ = {isa = PBXFileReference; lastKnownFileType = file.storyboard; name = Base; path = Base.lproj/LaunchScreen.storyboard; sourceTree = "<group>"; };
		080460C120C3A4CF0082B269 /* Info.plist */ = {isa = PBXFileReference; lastKnownFileType = text.plist.xml; path = Info.plist; sourceTree = "<group>"; };
		080460C720C3A71C0082B269 /* EnglishViewController.swift */ = {isa = PBXFileReference; lastKnownFileType = sourcecode.swift; path = EnglishViewController.swift; sourceTree = "<group>"; };
		080460C920C3A9B80082B269 /* baseline_arrow_back_ios_black_48pt_1x.png */ = {isa = PBXFileReference; lastKnownFileType = image.png; path = baseline_arrow_back_ios_black_48pt_1x.png; sourceTree = "<group>"; };
		080460CB20C3BDA50082B269 /* rawpixel-589085-unsplash.jpg */ = {isa = PBXFileReference; lastKnownFileType = image.jpeg; path = "rawpixel-589085-unsplash.jpg"; sourceTree = "<group>"; };
/* End PBXFileReference section */

/* Begin PBXFrameworksBuildPhase section */
		080460AF20C3A4CA0082B269 /* Frameworks */ = {
			isa = PBXFrameworksBuildPhase;
			buildActionMask = 2147483647;
			files = (
			);
			runOnlyForDeploymentPostprocessing = 0;
		};
/* End PBXFrameworksBuildPhase section */

/* Begin PBXGroup section */
		080460A920C3A4CA0082B269 = {
			isa = PBXGroup;
			children = (
				080460B420C3A4CA0082B269 /* FunnyNumber */,
				080460B320C3A4CA0082B269 /* Products */,
			);
			sourceTree = "<group>";
		};
		080460B320C3A4CA0082B269 /* Products */ = {
			isa = PBXGroup;
			children = (
				080460B220C3A4CA0082B269 /* FunnyNumber.app */,
			);
			name = Products;
			sourceTree = "<group>";
		};
		080460B420C3A4CA0082B269 /* FunnyNumber */ = {
			isa = PBXGroup;
			children = (
				080460B520C3A4CA0082B269 /* AppDelegate.swift */,
				080460B720C3A4CA0082B269 /* ViewController.swift */,
				080460C720C3A71C0082B269 /* EnglishViewController.swift */,
				080460B920C3A4CA0082B269 /* Main.storyboard */,
				080460CB20C3BDA50082B269 /* rawpixel-589085-unsplash.jpg */,
				080460C920C3A9B80082B269 /* baseline_arrow_back_ios_black_48pt_1x.png */,
				080460BC20C3A4CF0082B269 /* Assets.xcassets */,
				080460BE20C3A4CF0082B269 /* LaunchScreen.storyboard */,
				080460C120C3A4CF0082B269 /* Info.plist */,
			);
			path = FunnyNumber;
			sourceTree = "<group>";
		};
/* End PBXGroup section */

/* Begin PBXNativeTarget section */
		080460B120C3A4CA0082B269 /* FunnyNumber */ = {
			isa = PBXNativeTarget;
			buildConfigurationList = 080460C420C3A4CF0082B269 /* Build configuration list for PBXNativeTarget "FunnyNumber" */;
			buildPhases = (
				080460AE20C3A4CA0082B269 /* Sources */,
				080460AF20C3A4CA0082B269 /* Frameworks */,
				080460B020C3A4CA0082B269 /* Resources */,
			);
			buildRules = (
			);
			dependencies = (
			);
			name = FunnyNumber;
			productName = FunnyNumber;
			productReference = 080460B220C3A4CA0082B269 /* FunnyNumber.app */;
			productType = "com.apple.product-type.application";
		};
/* End PBXNativeTarget section */

/* Begin PBXProject section */
		080460AA20C3A4CA0082B269 /* Project object */ = {
			isa = PBXProject;
			attributes = {
				LastSwiftUpdateCheck = 0930;
				LastUpgradeCheck = 0930;
				ORGANIZATIONNAME = "Tanut Khositprasert";
				TargetAttributes = {
					080460B120C3A4CA0082B269 = {
						CreatedOnToolsVersion = 9.3;
					};
				};
			};
			buildConfigurationList = 080460AD20C3A4CA0082B269 /* Build configuration list for PBXProject "FunnyNumber" */;
			compatibilityVersion = "Xcode 9.3";
			developmentRegion = en;
			hasScannedForEncodings = 0;
			knownRegions = (
				en,
				Base,
			);
			mainGroup = 080460A920C3A4CA0082B269;
			productRefGroup = 080460B320C3A4CA0082B269 /* Products */;
			projectDirPath = "";
			projectRoot = "";
			targets = (
				080460B120C3A4CA0082B269 /* FunnyNumber */,
			);
		};
/* End PBXProject section */

/* Begin PBXResourcesBuildPhase section */
		080460B020C3A4CA0082B269 /* Resources */ = {
			isa = PBXResourcesBuildPhase;
			buildActionMask = 2147483647;
			files = (
				080460C020C3A4CF0082B269 /* LaunchScreen.storyboard in Resources */,
				080460CC20C3BDA50082B269 /* rawpixel-589085-unsplash.jpg in Resources */,
				080460BD20C3A4CF0082B269 /* Assets.xcassets in Resources */,
				080460CA20C3A9B90082B269 /* baseline_arrow_back_ios_black_48pt_1x.png in Resources */,
				080460BB20C3A4CA0082B269 /* Main.storyboard in Resources */,
			);
			runOnlyForDeploymentPostprocessing = 0;
		};
/* End PBXResourcesBuildPhase section */

/* Begin PBXSourcesBuildPhase section */
		080460AE20C3A4CA0082B269 /* Sources */ = {
			isa = PBXSourcesBuildPhase;
			buildActionMask = 2147483647;
			files = (
				080460C820C3A71C0082B269 /* EnglishViewController.swift in Sources */,
				080460B820C3A4CA0082B269 /* ViewController.swift in Sources */,
				080460B620C3A4CA0082B269 /* AppDelegate.swift in Sources */,
			);
			runOnlyForDeploymentPostprocessing = 0;
		};
/* End PBXSourcesBuildPhase section */

/* Begin PBXVariantGroup section */
		080460B920C3A4CA0082B269 /* Main.storyboard */ = {
			isa = PBXVariantGroup;
			children = (
				080460BA20C3A4CA0082B269 /* Base */,
			);
			name = Main.storyboard;
			sourceTree = "<group>";
		};
		080460BE20C3A4CF0082B269 /* LaunchScreen.storyboard */ = {
			isa = PBXVariantGroup;
			children = (
				080460BF20C3A4CF0082B269 /* Base */,
			);
			name = LaunchScreen.storyboard;
			sourceTree = "<group>";
		};
/* End PBXVariantGroup section */

/* Begin XCBuildConfiguration section */
		080460C220C3A4CF0082B269 /* Debug */ = {
			isa = XCBuildConfiguration;
			buildSettings = {
				ALWAYS_SEARCH_USER_PATHS = NO;
				CLANG_ANALYZER_NONNULL = YES;
				CLANG_ANALYZER_NUMBER_OBJECT_CONVERSION = YES_AGGRESSIVE;
				CLANG_CXX_LANGUAGE_STANDARD = "gnu++14";
				CLANG_CXX_LIBRARY = "libc++";
				CLANG_ENABLE_MODULES = YES;
				CLANG_ENABLE_OBJC_ARC = YES;
				CLANG_ENABLE_OBJC_WEAK = YES;
				CLANG_WARN_BLOCK_CAPTURE_AUTORELEASING = YES;
				CLANG_WARN_BOOL_CONVERSION = YES;
				CLANG_WARN_COMMA = YES;
				CLANG_WARN_CONSTANT_CONVERSION = YES;
				CLANG_WARN_DEPRECATED_OBJC_IMPLEMENTATIONS = YES;
				CLANG_WARN_DIRECT_OBJC_ISA_USAGE = YES_ERROR;
				CLANG_WARN_DOCUMENTATION_COMMENTS = YES;
				CLANG_WARN_EMPTY_BODY = YES;
				CLANG_WARN_ENUM_CONVERSION = YES;
				CLANG_WARN_INFINITE_RECURSION = YES;
				CLANG_WARN_INT_CONVERSION = YES;
				CLANG_WARN_NON_LITERAL_NULL_CONVERSION = YES;
				CLANG_WARN_OBJC_IMPLICIT_RETAIN_SELF = YES;
				CLANG_WARN_OBJC_LITERAL_CONVERSION = YES;
				CLANG_WARN_OBJC_ROOT_CLASS = YES_ERROR;
				CLANG_WARN_RANGE_LOOP_ANALYSIS = YES;
				CLANG_WARN_STRICT_PROTOTYPES = YES;
				CLANG_WARN_SUSPICIOUS_MOVE = YES;
				CLANG_WARN_UNGUARDED_AVAILABILITY = YES_AGGRESSIVE;
				CLANG_WARN_UNREACHABLE_CODE = YES;
				CLANG_WARN__DUPLICATE_METHOD_MATCH = YES;
				CODE_SIGN_IDENTITY = "iPhone Developer";
				COPY_PHASE_STRIP = NO;
				DEBUG_INFORMATION_FORMAT = dwarf;
				ENABLE_STRICT_OBJC_MSGSEND = YES;
				ENABLE_TESTABILITY = YES;
				GCC_C_LANGUAGE_STANDARD = gnu11;
				GCC_DYNAMIC_NO_PIC = NO;
				GCC_NO_COMMON_BLOCKS = YES;
				GCC_OPTIMIZATION_LEVEL = 0;
				GCC_PREPROCESSOR_DEFINITIONS = (
					"DEBUG=1",
					"$(inherited)",
				);
				GCC_WARN_64_TO_32_BIT_CONVERSION = YES;
				GCC_WARN_ABOUT_RETURN_TYPE = YES_ERROR;
				GCC_WARN_UNDECLARED_SELECTOR = YES;
				GCC_WARN_UNINITIALIZED_AUTOS = YES_AGGRESSIVE;
				GCC_WARN_UNUSED_FUNCTION = YES;
				GCC_WARN_UNUSED_VARIABLE = YES;
				IPHONEOS_DEPLOYMENT_TARGET = 11.3;
				MTL_ENABLE_DEBUG_INFO = YES;
				ONLY_ACTIVE_ARCH = YES;
				SDKROOT = iphoneos;
				SWIFT_ACTIVE_COMPILATION_CONDITIONS = DEBUG;
				SWIFT_OPTIMIZATION_LEVEL = "-Onone";
			};
			name = Debug;
		};
		080460C320C3A4CF0082B269 /* Release */ = {
			isa = XCBuildConfiguration;
			buildSettings = {
				ALWAYS_SEARCH_USER_PATHS = NO;
				CLANG_ANALYZER_NONNULL = YES;
				CLANG_ANALYZER_NUMBER_OBJECT_CONVERSION = YES_AGGRESSIVE;
				CLANG_CXX_LANGUAGE_STANDARD = "gnu++14";
				CLANG_CXX_LIBRARY = "libc++";
				CLANG_ENABLE_MODULES = YES;
				CLANG_ENABLE_OBJC_ARC = YES;
				CLANG_ENABLE_OBJC_WEAK = YES;
				CLANG_WARN_BLOCK_CAPTURE_AUTORELEASING = YES;
				CLANG_WARN_BOOL_CONVERSION = YES;
				CLANG_WARN_COMMA = YES;
				CLANG_WARN_CONSTANT_CONVERSION = YES;
				CLANG_WARN_DEPRECATED_OBJC_IMPLEMENTATIONS = YES;
				CLANG_WARN_DIRECT_OBJC_ISA_USAGE = YES_ERROR;
				CLANG_WARN_DOCUMENTATION_COMMENTS = YES;
				CLANG_WARN_EMPTY_BODY = YES;
				CLANG_WARN_ENUM_CONVERSION = YES;
				CLANG_WARN_INFINITE_RECURSION = YES;
				CLANG_WARN_INT_CONVERSION = YES;
				CLANG_WARN_NON_LITERAL_NULL_CONVERSION = YES;
				CLANG_WARN_OBJC_IMPLICIT_RETAIN_SELF = YES;
				CLANG_WARN_OBJC_LITERAL_CONVERSION = YES;
				CLANG_WARN_OBJC_ROOT_CLASS = YES_ERROR;
				CLANG_WARN_RANGE_LOOP_ANALYSIS = YES;
				CLANG_WARN_STRICT_PROTOTYPES = YES;
				CLANG_WARN_SUSPICIOUS_MOVE = YES;
				CLANG_WARN_UNGUARDED_AVAILABILITY = YES_AGGRESSIVE;
				CLANG_WARN_UNREACHABLE_CODE = YES;
				CLANG_WARN__DUPLICATE_METHOD_MATCH = YES;
				CODE_SIGN_IDENTITY = "iPhone Developer";
				COPY_PHASE_STRIP = NO;
				DEBUG_INFORMATION_FORMAT = "dwarf-with-dsym";
				ENABLE_NS_ASSERTIONS = NO;
				ENABLE_STRICT_OBJC_MSGSEND = YES;
				GCC_C_LANGUAGE_STANDARD = gnu11;
				GCC_NO_COMMON_BLOCKS = YES;
				GCC_WARN_64_TO_32_BIT_CONVERSION = YES;
				GCC_WARN_ABOUT_RETURN_TYPE = YES_ERROR;
				GCC_WARN_UNDECLARED_SELECTOR = YES;
				GCC_WARN_UNINITIALIZED_AUTOS = YES_AGGRESSIVE;
				GCC_WARN_UNUSED_FUNCTION = YES;
				GCC_WARN_UNUSED_VARIABLE = YES;
				IPHONEOS_DEPLOYMENT_TARGET = 11.3;
				MTL_ENABLE_DEBUG_INFO = NO;
				SDKROOT = iphoneos;
				SWIFT_COMPILATION_MODE = wholemodule;
				SWIFT_OPTIMIZATION_LEVEL = "-O";
				VALIDATE_PRODUCT = YES;
			};
			name = Release;
		};
		080460C520C3A4CF0082B269 /* Debug */ = {
			isa = XCBuildConfiguration;
			buildSettings = {
				ASSETCATALOG_COMPILER_APPICON_NAME = AppIcon;
				CODE_SIGN_STYLE = Automatic;
				INFOPLIST_FILE = FunnyNumber/Info.plist;
				LD_RUNPATH_SEARCH_PATHS = (
					"$(inherited)",
					"@executable_path/Frameworks",
				);
				PRODUCT_BUNDLE_IDENTIFIER = Kubo.FunnyNumber;
				PRODUCT_NAME = "$(TARGET_NAME)";
				SWIFT_VERSION = 4.0;
				TARGETED_DEVICE_FAMILY = "1,2";
			};
			name = Debug;
		};
		080460C620C3A4CF0082B269 /* Release */ = {
			isa = XCBuildConfiguration;
			buildSettings = {
				ASSETCATALOG_COMPILER_APPICON_NAME = AppIcon;
				CODE_SIGN_STYLE = Automatic;
				INFOPLIST_FILE = FunnyNumber/Info.plist;
				LD_RUNPATH_SEARCH_PATHS = (
					"$(inherited)",
					"@executable_path/Frameworks",
				);
				PRODUCT_BUNDLE_IDENTIFIER = Kubo.FunnyNumber;
				PRODUCT_NAME = "$(TARGET_NAME)";
				SWIFT_VERSION = 4.0;
				TARGETED_DEVICE_FAMILY = "1,2";
			};
			name = Release;
		};
/* End XCBuildConfiguration section */

/* Begin XCConfigurationList section */
		080460AD20C3A4CA0082B269 /* Build configuration list for PBXProject "FunnyNumber" */ = {
			isa = XCConfigurationList;
			buildConfigurations = (
				080460C220C3A4CF0082B269 /* Debug */,
				080460C320C3A4CF0082B269 /* Release */,
			);
			defaultConfigurationIsVisible = 0;
			defaultConfigurationName = Release;
		};
		080460C420C3A4CF0082B269 /* Build configuration list for PBXNativeTarget "FunnyNumber" */ = {
			isa = XCConfigurationList;
			buildConfigurations = (
				080460C520C3A4CF0082B269 /* Debug */,
				080460C620C3A4CF0082B269 /* Release */,
			);
			defaultConfigurationIsVisible = 0;
			defaultConfigurationName = Release;
		};
/* End XCConfigurationList section */
	};
	rootObject = 080460AA20C3A4CA0082B269 /* Project object */;
}
